
Microsoft Visual Studio Solution File, Format Version 12.00
# Visual Studio 2013
VisualStudioVersion = 12.0.30501.0
MinimumVisualStudioVersion = 10.0.40219.1
Project("{262852C6-CD72-467D-83FE-5EEB1973A190}") = "HybridApp", "HybridApp\HybridApp.jsproj", "{84356D55-C82A-4515-8266-D0261FBCA53D}"
EndProject
Project("{2150E333-8FDC-42A3-9474-1A3956D46DE8}") = "Solution Items", "Solution Items", "{BFEEA7B7-D9D7-4B25-AB56-B951F98ABDB8}"
	ProjectSection(SolutionItems) = preProject
		Links.txt = Links.txt
		Publish Window Azure.txt = Publish Window Azure.txt
	EndProjectSection
EndProject
Project("{FAE04EC0-301F-11D3-BF4B-00C04F79EFBC}") = "WebClient", "WebClient\WebClient.csproj", "{9057A19E-0F90-40F1-850E-4AF042173C13}"
EndProject
Project("{FAE04EC0-301F-11D3-BF4B-00C04F79EFBC}") = "Apis", "Apis\Apis.csproj", "{9926F75F-9E81-4D2F-A47C-A8D6755FA57C}"
EndProject
Project("{FAE04EC0-301F-11D3-BF4B-00C04F79EFBC}") = "JQueryMobileApp", "JQueryMobileApp\JQueryMobileApp.csproj", "{BF7AC149-769D-4AC6-A0EF-7FA2B9A96D48}"
EndProject
Global
	GlobalSection(SolutionConfigurationPlatforms) = preSolution
		Debug|Android = Debug|Android
		Debug|Any CPU = Debug|Any CPU
		Debug|iOS = Debug|iOS
		Debug|Mixed Platforms = Debug|Mixed Platforms
		Debug|Windows Phone = Debug|Windows Phone
		Debug|Windows-AnyCPU = Debug|Windows-AnyCPU
		Debug|Windows-ARM = Debug|Windows-ARM
		Debug|Windows-x64 = Debug|Windows-x64
		Debug|Windows-x86 = Debug|Windows-x86
		Distribution|Android = Distribution|Android
		Distribution|Any CPU = Distribution|Any CPU
		Distribution|iOS = Distribution|iOS
		Distribution|Mixed Platforms = Distribution|Mixed Platforms
		Distribution|Windows Phone = Distribution|Windows Phone
		Distribution|Windows-AnyCPU = Distribution|Windows-AnyCPU
		Distribution|Windows-ARM = Distribution|Windows-ARM
		Distribution|Windows-x64 = Distribution|Windows-x64
		Distribution|Windows-x86 = Distribution|Windows-x86
		Release|Android = Release|Android
		Release|Any CPU = Release|Any CPU
		Release|iOS = Release|iOS
		Release|Mixed Platforms = Release|Mixed Platforms
		Release|Windows Phone = Release|Windows Phone
		Release|Windows-AnyCPU = Release|Windows-AnyCPU
		Release|Windows-ARM = Release|Windows-ARM
		Release|Windows-x64 = Release|Windows-x64
		Release|Windows-x86 = Release|Windows-x86
	EndGlobalSection
	GlobalSection(ProjectConfigurationPlatforms) = postSolution
		{84356D55-C82A-4515-8266-D0261FBCA53D}.Debug|Android.ActiveCfg = Debug|Android
		{84356D55-C82A-4515-8266-D0261FBCA53D}.Debug|Android.Build.0 = Debug|Android
		{84356D55-C82A-4515-8266-D0261FBCA53D}.Debug|Android.Deploy.0 = Debug|Android
		{84356D55-C82A-4515-8266-D0261FBCA53D}.Debug|Any CPU.ActiveCfg = Debug|Android
		{84356D55-C82A-4515-8266-D0261FBCA53D}.Debug|iOS.ActiveCfg = Debug|iOS
		{84356D55-C82A-4515-8266-D0261FBCA53D}.Debug|iOS.Build.0 = Debug|iOS
		{84356D55-C82A-4515-8266-D0261FBCA53D}.Debug|iOS.Deploy.0 = Debug|iOS
		{84356D55-C82A-4515-8266-D0261FBCA53D}.Debug|Mixed Platforms.ActiveCfg = Debug|Windows-x64
		{84356D55-C82A-4515-8266-D0261FBCA53D}.Debug|Mixed Platforms.Build.0 = Debug|Windows-x64
		{84356D55-C82A-4515-8266-D0261FBCA53D}.Debug|Mixed Platforms.Deploy.0 = Debug|Windows-x64
		{84356D55-C82A-4515-8266-D0261FBCA53D}.Debug|Windows Phone.ActiveCfg = Debug|Windows Phone
		{84356D55-C82A-4515-8266-D0261FBCA53D}.Debug|Windows Phone.Build.0 = Debug|Windows Phone
		{84356D55-C82A-4515-8266-D0261FBCA53D}.Debug|Windows Phone.Deploy.0 = Debug|Windows Phone
		{84356D55-C82A-4515-8266-D0261FBCA53D}.Debug|Windows-AnyCPU.ActiveCfg = Debug|Windows-AnyCPU
		{84356D55-C82A-4515-8266-D0261FBCA53D}.Debug|Windows-AnyCPU.Build.0 = Debug|Windows-AnyCPU
		{84356D55-C82A-4515-8266-D0261FBCA53D}.Debug|Windows-AnyCPU.Deploy.0 = Debug|Windows-AnyCPU
		{84356D55-C82A-4515-8266-D0261FBCA53D}.Debug|Windows-ARM.ActiveCfg = Debug|Windows-ARM
		{84356D55-C82A-4515-8266-D0261FBCA53D}.Debug|Windows-ARM.Build.0 = Debug|Windows-ARM
		{84356D55-C82A-4515-8266-D0261FBCA53D}.Debug|Windows-ARM.Deploy.0 = Debug|Windows-ARM
		{84356D55-C82A-4515-8266-D0261FBCA53D}.Debug|Windows-x64.ActiveCfg = Debug|Windows-x64
		{84356D55-C82A-4515-8266-D0261FBCA53D}.Debug|Windows-x64.Build.0 = Debug|Windows-x64
		{84356D55-C82A-4515-8266-D0261FBCA53D}.Debug|Windows-x64.Deploy.0 = Debug|Windows-x64
		{84356D55-C82A-4515-8266-D0261FBCA53D}.Debug|Windows-x86.ActiveCfg = Debug|Windows-x86
		{84356D55-C82A-4515-8266-D0261FBCA53D}.Debug|Windows-x86.Build.0 = Debug|Windows-x86
		{84356D55-C82A-4515-8266-D0261FBCA53D}.Debug|Windows-x86.Deploy.0 = Debug|Windows-x86
		{84356D55-C82A-4515-8266-D0261FBCA53D}.Distribution|Android.ActiveCfg = Distribution|Android
		{84356D55-C82A-4515-8266-D0261FBCA53D}.Distribution|Android.Build.0 = Distribution|Android
		{84356D55-C82A-4515-8266-D0261FBCA53D}.Distribution|Android.Deploy.0 = Distribution|Android
		{84356D55-C82A-4515-8266-D0261FBCA53D}.Distribution|Any CPU.ActiveCfg = Distribution|Android
		{84356D55-C82A-4515-8266-D0261FBCA53D}.Distribution|iOS.ActiveCfg = Distribution|iOS
		{84356D55-C82A-4515-8266-D0261FBCA53D}.Distribution|iOS.Build.0 = Distribution|iOS
		{84356D55-C82A-4515-8266-D0261FBCA53D}.Distribution|iOS.Deploy.0 = Distribution|iOS
		{84356D55-C82A-4515-8266-D0261FBCA53D}.Distribution|Mixed Platforms.ActiveCfg = Distribution|Windows-x86
		{84356D55-C82A-4515-8266-D0261FBCA53D}.Distribution|Mixed Platforms.Build.0 = Distribution|Windows-x86
		{84356D55-C82A-4515-8266-D0261FBCA53D}.Distribution|Mixed Platforms.Deploy.0 = Distribution|Windows-x86
		{84356D55-C82A-4515-8266-D0261FBCA53D}.Distribution|Windows Phone.ActiveCfg = Distribution|Windows Phone
		{84356D55-C82A-4515-8266-D0261FBCA53D}.Distribution|Windows Phone.Build.0 = Distribution|Windows Phone
		{84356D55-C82A-4515-8266-D0261FBCA53D}.Distribution|Windows Phone.Deploy.0 = Distribution|Windows Phone
		{84356D55-C82A-4515-8266-D0261FBCA53D}.Distribution|Windows-AnyCPU.ActiveCfg = Distribution|Windows-AnyCPU
		{84356D55-C82A-4515-8266-D0261FBCA53D}.Distribution|Windows-AnyCPU.Build.0 = Distribution|Windows-AnyCPU
		{84356D55-C82A-4515-8266-D0261FBCA53D}.Distribution|Windows-AnyCPU.Deploy.0 = Distribution|Windows-AnyCPU
		{84356D55-C82A-4515-8266-D0261FBCA53D}.Distribution|Windows-ARM.ActiveCfg = Distribution|Windows-ARM
		{84356D55-C82A-4515-8266-D0261FBCA53D}.Distribution|Windows-ARM.Build.0 = Distribution|Windows-ARM
		{84356D55-C82A-4515-8266-D0261FBCA53D}.Distribution|Windows-ARM.Deploy.0 = Distribution|Windows-ARM
		{84356D55-C82A-4515-8266-D0261FBCA53D}.Distribution|Windows-x64.ActiveCfg = Distribution|Windows-x64
		{84356D55-C82A-4515-8266-D0261FBCA53D}.Distribution|Windows-x64.Build.0 = Distribution|Windows-x64
		{84356D55-C82A-4515-8266-D0261FBCA53D}.Distribution|Windows-x64.Deploy.0 = Distribution|Windows-x64
		{84356D55-C82A-4515-8266-D0261FBCA53D}.Distribution|Windows-x86.ActiveCfg = Distribution|Windows-x86
		{84356D55-C82A-4515-8266-D0261FBCA53D}.Distribution|Windows-x86.Build.0 = Distribution|Windows-x86
		{84356D55-C82A-4515-8266-D0261FBCA53D}.Distribution|Windows-x86.Deploy.0 = Distribution|Windows-x86
		{84356D55-C82A-4515-8266-D0261FBCA53D}.Release|Android.ActiveCfg = Release|Android
		{84356D55-C82A-4515-8266-D0261FBCA53D}.Release|Android.Build.0 = Release|Android
		{84356D55-C82A-4515-8266-D0261FBCA53D}.Release|Android.Deploy.0 = Release|Android
		{84356D55-C82A-4515-8266-D0261FBCA53D}.Release|Any CPU.ActiveCfg = Release|Android
		{84356D55-C82A-4515-8266-D0261FBCA53D}.Release|iOS.ActiveCfg = Release|iOS
		{84356D55-C82A-4515-8266-D0261FBCA53D}.Release|iOS.Build.0 = Release|iOS
		{84356D55-C82A-4515-8266-D0261FBCA53D}.Release|iOS.Deploy.0 = Release|iOS
		{84356D55-C82A-4515-8266-D0261FBCA53D}.Release|Mixed Platforms.ActiveCfg = Release|Windows-x86
		{84356D55-C82A-4515-8266-D0261FBCA53D}.Release|Mixed Platforms.Build.0 = Release|Windows-x86
		{84356D55-C82A-4515-8266-D0261FBCA53D}.Release|Mixed Platforms.Deploy.0 = Release|Windows-x86
		{84356D55-C82A-4515-8266-D0261FBCA53D}.Release|Windows Phone.ActiveCfg = Release|Windows Phone
		{84356D55-C82A-4515-8266-D0261FBCA53D}.Release|Windows Phone.Build.0 = Release|Windows Phone
		{84356D55-C82A-4515-8266-D0261FBCA53D}.Release|Windows Phone.Deploy.0 = Release|Windows Phone
		{84356D55-C82A-4515-8266-D0261FBCA53D}.Release|Windows-AnyCPU.ActiveCfg = Release|Windows-AnyCPU
		{84356D55-C82A-4515-8266-D0261FBCA53D}.Release|Windows-AnyCPU.Build.0 = Release|Windows-AnyCPU
		{84356D55-C82A-4515-8266-D0261FBCA53D}.Release|Windows-AnyCPU.Deploy.0 = Release|Windows-AnyCPU
		{84356D55-C82A-4515-8266-D0261FBCA53D}.Release|Windows-ARM.ActiveCfg = Release|Windows-ARM
		{84356D55-C82A-4515-8266-D0261FBCA53D}.Release|Windows-ARM.Build.0 = Release|Windows-ARM
		{84356D55-C82A-4515-8266-D0261FBCA53D}.Release|Windows-ARM.Deploy.0 = Release|Windows-ARM
		{84356D55-C82A-4515-8266-D0261FBCA53D}.Release|Windows-x64.ActiveCfg = Release|Windows-x64
		{84356D55-C82A-4515-8266-D0261FBCA53D}.Release|Windows-x64.Build.0 = Release|Windows-x64
		{84356D55-C82A-4515-8266-D0261FBCA53D}.Release|Windows-x64.Deploy.0 = Release|Windows-x64
		{84356D55-C82A-4515-8266-D0261FBCA53D}.Release|Windows-x86.ActiveCfg = Release|Windows-x86
		{84356D55-C82A-4515-8266-D0261FBCA53D}.Release|Windows-x86.Build.0 = Release|Windows-x86
		{84356D55-C82A-4515-8266-D0261FBCA53D}.Release|Windows-x86.Deploy.0 = Release|Windows-x86
		{9057A19E-0F90-40F1-850E-4AF042173C13}.Debug|Android.ActiveCfg = Debug|Any CPU
		{9057A19E-0F90-40F1-850E-4AF042173C13}.Debug|Any CPU.ActiveCfg = Debug|Any CPU
		{9057A19E-0F90-40F1-850E-4AF042173C13}.Debug|Any CPU.Build.0 = Debug|Any CPU
		{9057A19E-0F90-40F1-850E-4AF042173C13}.Debug|iOS.ActiveCfg = Debug|Any CPU
		{9057A19E-0F90-40F1-850E-4AF042173C13}.Debug|Mixed Platforms.ActiveCfg = Debug|Any CPU
		{9057A19E-0F90-40F1-850E-4AF042173C13}.Debug|Mixed Platforms.Build.0 = Debug|Any CPU
		{9057A19E-0F90-40F1-850E-4AF042173C13}.Debug|Windows Phone.ActiveCfg = Debug|Any CPU
		{9057A19E-0F90-40F1-850E-4AF042173C13}.Debug|Windows-AnyCPU.ActiveCfg = Debug|Any CPU
		{9057A19E-0F90-40F1-850E-4AF042173C13}.Debug|Windows-ARM.ActiveCfg = Debug|Any CPU
		{9057A19E-0F90-40F1-850E-4AF042173C13}.Debug|Windows-x64.ActiveCfg = Debug|Any CPU
		{9057A19E-0F90-40F1-850E-4AF042173C13}.Debug|Windows-x86.ActiveCfg = Debug|Any CPU
		{9057A19E-0F90-40F1-850E-4AF042173C13}.Distribution|Android.ActiveCfg = Debug|Any CPU
		{9057A19E-0F90-40F1-850E-4AF042173C13}.Distribution|Any CPU.ActiveCfg = Debug|Any CPU
		{9057A19E-0F90-40F1-850E-4AF042173C13}.Distribution|Any CPU.Build.0 = Debug|Any CPU
		{9057A19E-0F90-40F1-850E-4AF042173C13}.Distribution|iOS.ActiveCfg = Debug|Any CPU
		{9057A19E-0F90-40F1-850E-4AF042173C13}.Distribution|Mixed Platforms.ActiveCfg = Debug|Any CPU
		{9057A19E-0F90-40F1-850E-4AF042173C13}.Distribution|Mixed Platforms.Build.0 = Debug|Any CPU
		{9057A19E-0F90-40F1-850E-4AF042173C13}.Distribution|Windows Phone.ActiveCfg = Debug|Any CPU
		{9057A19E-0F90-40F1-850E-4AF042173C13}.Distribution|Windows-AnyCPU.ActiveCfg = Debug|Any CPU
		{9057A19E-0F90-40F1-850E-4AF042173C13}.Distribution|Windows-ARM.ActiveCfg = Debug|Any CPU
		{9057A19E-0F90-40F1-850E-4AF042173C13}.Distribution|Windows-x64.ActiveCfg = Debug|Any CPU
		{9057A19E-0F90-40F1-850E-4AF042173C13}.Distribution|Windows-x86.ActiveCfg = Debug|Any CPU
		{9057A19E-0F90-40F1-850E-4AF042173C13}.Release|Android.ActiveCfg = Release|Any CPU
		{9057A19E-0F90-40F1-850E-4AF042173C13}.Release|Any CPU.ActiveCfg = Release|Any CPU
		{9057A19E-0F90-40F1-850E-4AF042173C13}.Release|Any CPU.Build.0 = Release|Any CPU
		{9057A19E-0F90-40F1-850E-4AF042173C13}.Release|iOS.ActiveCfg = Release|Any CPU
		{9057A19E-0F90-40F1-850E-4AF042173C13}.Release|Mixed Platforms.ActiveCfg = Release|Any CPU
		{9057A19E-0F90-40F1-850E-4AF042173C13}.Release|Mixed Platforms.Build.0 = Release|Any CPU
		{9057A19E-0F90-40F1-850E-4AF042173C13}.Release|Windows Phone.ActiveCfg = Release|Any CPU
		{9057A19E-0F90-40F1-850E-4AF042173C13}.Release|Windows-AnyCPU.ActiveCfg = Release|Any CPU
		{9057A19E-0F90-40F1-850E-4AF042173C13}.Release|Windows-ARM.ActiveCfg = Release|Any CPU
		{9057A19E-0F90-40F1-850E-4AF042173C13}.Release|Windows-x64.ActiveCfg = Release|Any CPU
		{9057A19E-0F90-40F1-850E-4AF042173C13}.Release|Windows-x86.ActiveCfg = Release|Any CPU
		{9926F75F-9E81-4D2F-A47C-A8D6755FA57C}.Debug|Android.ActiveCfg = Debug|Any CPU
		{9926F75F-9E81-4D2F-A47C-A8D6755FA57C}.Debug|Any CPU.ActiveCfg = Debug|Any CPU
		{9926F75F-9E81-4D2F-A47C-A8D6755FA57C}.Debug|Any CPU.Build.0 = Debug|Any CPU
		{9926F75F-9E81-4D2F-A47C-A8D6755FA57C}.Debug|iOS.ActiveCfg = Debug|Any CPU
		{9926F75F-9E81-4D2F-A47C-A8D6755FA57C}.Debug|Mixed Platforms.ActiveCfg = Debug|Any CPU
		{9926F75F-9E81-4D2F-A47C-A8D6755FA57C}.Debug|Mixed Platforms.Build.0 = Debug|Any CPU
		{9926F75F-9E81-4D2F-A47C-A8D6755FA57C}.Debug|Windows Phone.ActiveCfg = Debug|Any CPU
		{9926F75F-9E81-4D2F-A47C-A8D6755FA57C}.Debug|Windows-AnyCPU.ActiveCfg = Debug|Any CPU
		{9926F75F-9E81-4D2F-A47C-A8D6755FA57C}.Debug|Windows-ARM.ActiveCfg = Debug|Any CPU
		{9926F75F-9E81-4D2F-A47C-A8D6755FA57C}.Debug|Windows-x64.ActiveCfg = Debug|Any CPU
		{9926F75F-9E81-4D2F-A47C-A8D6755FA57C}.Debug|Windows-x86.ActiveCfg = Debug|Any CPU
		{9926F75F-9E81-4D2F-A47C-A8D6755FA57C}.Distribution|Android.ActiveCfg = Debug|Any CPU
		{9926F75F-9E81-4D2F-A47C-A8D6755FA57C}.Distribution|Any CPU.ActiveCfg = Debug|Any CPU
		{9926F75F-9E81-4D2F-A47C-A8D6755FA57C}.Distribution|Any CPU.Build.0 = Debug|Any CPU
		{9926F75F-9E81-4D2F-A47C-A8D6755FA57C}.Distribution|iOS.ActiveCfg = Debug|Any CPU
		{9926F75F-9E81-4D2F-A47C-A8D6755FA57C}.Distribution|Mixed Platforms.ActiveCfg = Debug|Any CPU
		{9926F75F-9E81-4D2F-A47C-A8D6755FA57C}.Distribution|Mixed Platforms.Build.0 = Debug|Any CPU
		{9926F75F-9E81-4D2F-A47C-A8D6755FA57C}.Distribution|Windows Phone.ActiveCfg = Debug|Any CPU
		{9926F75F-9E81-4D2F-A47C-A8D6755FA57C}.Distribution|Windows-AnyCPU.ActiveCfg = Debug|Any CPU
		{9926F75F-9E81-4D2F-A47C-A8D6755FA57C}.Distribution|Windows-ARM.ActiveCfg = Debug|Any CPU
		{9926F75F-9E81-4D2F-A47C-A8D6755FA57C}.Distribution|Windows-x64.ActiveCfg = Debug|Any CPU
		{9926F75F-9E81-4D2F-A47C-A8D6755FA57C}.Distribution|Windows-x86.ActiveCfg = Debug|Any CPU
		{9926F75F-9E81-4D2F-A47C-A8D6755FA57C}.Release|Android.ActiveCfg = Release|Any CPU
		{9926F75F-9E81-4D2F-A47C-A8D6755FA57C}.Release|Any CPU.ActiveCfg = Release|Any CPU
		{9926F75F-9E81-4D2F-A47C-A8D6755FA57C}.Release|Any CPU.Build.0 = Release|Any CPU
		{9926F75F-9E81-4D2F-A47C-A8D6755FA57C}.Release|iOS.ActiveCfg = Release|Any CPU
		{9926F75F-9E81-4D2F-A47C-A8D6755FA57C}.Release|Mixed Platforms.ActiveCfg = Release|Any CPU
		{9926F75F-9E81-4D2F-A47C-A8D6755FA57C}.Release|Mixed Platforms.Build.0 = Release|Any CPU
		{9926F75F-9E81-4D2F-A47C-A8D6755FA57C}.Release|Windows Phone.ActiveCfg = Release|Any CPU
		{9926F75F-9E81-4D2F-A47C-A8D6755FA57C}.Release|Windows-AnyCPU.ActiveCfg = Release|Any CPU
		{9926F75F-9E81-4D2F-A47C-A8D6755FA57C}.Release|Windows-ARM.ActiveCfg = Release|Any CPU
		{9926F75F-9E81-4D2F-A47C-A8D6755FA57C}.Release|Windows-x64.ActiveCfg = Release|Any CPU
		{9926F75F-9E81-4D2F-A47C-A8D6755FA57C}.Release|Windows-x86.ActiveCfg = Release|Any CPU
		{BF7AC149-769D-4AC6-A0EF-7FA2B9A96D48}.Debug|Android.ActiveCfg = Debug|Any CPU
		{BF7AC149-769D-4AC6-A0EF-7FA2B9A96D48}.Debug|Any CPU.ActiveCfg = Debug|Any CPU
		{BF7AC149-769D-4AC6-A0EF-7FA2B9A96D48}.Debug|Any CPU.Build.0 = Debug|Any CPU
		{BF7AC149-769D-4AC6-A0EF-7FA2B9A96D48}.Debug|iOS.ActiveCfg = Debug|Any CPU
		{BF7AC149-769D-4AC6-A0EF-7FA2B9A96D48}.Debug|Mixed Platforms.ActiveCfg = Debug|Any CPU
		{BF7AC149-769D-4AC6-A0EF-7FA2B9A96D48}.Debug|Mixed Platforms.Build.0 = Debug|Any CPU
		{BF7AC149-769D-4AC6-A0EF-7FA2B9A96D48}.Debug|Windows Phone.ActiveCfg = Debug|Any CPU
		{BF7AC149-769D-4AC6-A0EF-7FA2B9A96D48}.Debug|Windows-AnyCPU.ActiveCfg = Debug|Any CPU
		{BF7AC149-769D-4AC6-A0EF-7FA2B9A96D48}.Debug|Windows-ARM.ActiveCfg = Debug|Any CPU
		{BF7AC149-769D-4AC6-A0EF-7FA2B9A96D48}.Debug|Windows-x64.ActiveCfg = Debug|Any CPU
		{BF7AC149-769D-4AC6-A0EF-7FA2B9A96D48}.Debug|Windows-x86.ActiveCfg = Debug|Any CPU
		{BF7AC149-769D-4AC6-A0EF-7FA2B9A96D48}.Distribution|Android.ActiveCfg = Debug|Any CPU
		{BF7AC149-769D-4AC6-A0EF-7FA2B9A96D48}.Distribution|Any CPU.ActiveCfg = Debug|Any CPU
		{BF7AC149-769D-4AC6-A0EF-7FA2B9A96D48}.Distribution|Any CPU.Build.0 = Debug|Any CPU
		{BF7AC149-769D-4AC6-A0EF-7FA2B9A96D48}.Distribution|iOS.ActiveCfg = Debug|Any CPU
		{BF7AC149-769D-4AC6-A0EF-7FA2B9A96D48}.Distribution|Mixed Platforms.ActiveCfg = Debug|Any CPU
		{BF7AC149-769D-4AC6-A0EF-7FA2B9A96D48}.Distribution|Mixed Platforms.Build.0 = Debug|Any CPU
		{BF7AC149-769D-4AC6-A0EF-7FA2B9A96D48}.Distribution|Windows Phone.ActiveCfg = Debug|Any CPU
		{BF7AC149-769D-4AC6-A0EF-7FA2B9A96D48}.Distribution|Windows-AnyCPU.ActiveCfg = Debug|Any CPU
		{BF7AC149-769D-4AC6-A0EF-7FA2B9A96D48}.Distribution|Windows-ARM.ActiveCfg = Debug|Any CPU
		{BF7AC149-769D-4AC6-A0EF-7FA2B9A96D48}.Distribution|Windows-x64.ActiveCfg = Debug|Any CPU
		{BF7AC149-769D-4AC6-A0EF-7FA2B9A96D48}.Distribution|Windows-x86.ActiveCfg = Debug|Any CPU
		{BF7AC149-769D-4AC6-A0EF-7FA2B9A96D48}.Release|Android.ActiveCfg = Release|Any CPU
		{BF7AC149-769D-4AC6-A0EF-7FA2B9A96D48}.Release|Any CPU.ActiveCfg = Release|Any CPU
		{BF7AC149-769D-4AC6-A0EF-7FA2B9A96D48}.Release|Any CPU.Build.0 = Release|Any CPU
		{BF7AC149-769D-4AC6-A0EF-7FA2B9A96D48}.Release|iOS.ActiveCfg = Release|Any CPU
		{BF7AC149-769D-4AC6-A0EF-7FA2B9A96D48}.Release|Mixed Platforms.ActiveCfg = Release|Any CPU
		{BF7AC149-769D-4AC6-A0EF-7FA2B9A96D48}.Release|Mixed Platforms.Build.0 = Release|Any CPU
		{BF7AC149-769D-4AC6-A0EF-7FA2B9A96D48}.Release|Windows Phone.ActiveCfg = Release|Any CPU
		{BF7AC149-769D-4AC6-A0EF-7FA2B9A96D48}.Release|Windows-AnyCPU.ActiveCfg = Release|Any CPU
		{BF7AC149-769D-4AC6-A0EF-7FA2B9A96D48}.Release|Windows-ARM.ActiveCfg = Release|Any CPU
		{BF7AC149-769D-4AC6-A0EF-7FA2B9A96D48}.Release|Windows-x64.ActiveCfg = Release|Any CPU
		{BF7AC149-769D-4AC6-A0EF-7FA2B9A96D48}.Release|Windows-x86.ActiveCfg = Release|Any CPU
	EndGlobalSection
	GlobalSection(SolutionProperties) = preSolution
		HideSolutionNode = FALSE
	EndGlobalSection
EndGlobal
